
Microsoft Visual Studio Solution File, Format Version 12.00
# Visual Studio 15
VisualStudioVersion = 15.0.26430.6
MinimumVisualStudioVersion = 10.0.40219.1
Project("{9A19103F-16F7-4668-BE54-9A1E7A4F7556}") = "Zal.Beauty.WebApp", "src\Zal.Beauty.WebApp\Zal.Beauty.WebApp.csproj", "{A29C7A5B-B1F3-4030-8026-7FE34FAAD619}"
EndProject
Project("{9A19103F-16F7-4668-BE54-9A1E7A4F7556}") = "Zal.Beauty.Base", "src\Zal.Beauty.Base\Zal.Beauty.Base.csproj", "{273E9485-C93C-4A18-831E-E541E50B5C06}"
EndProject
Project("{9A19103F-16F7-4668-BE54-9A1E7A4F7556}") = "Zal.Beauty.Interface", "src\Zal.Beauty.Interface\Zal.Beauty.Interface.csproj", "{06ABB6FB-831A-44ED-940F-82B4CD99E9DB}"
EndProject
Project("{9A19103F-16F7-4668-BE54-9A1E7A4F7556}") = "Zal.Beauty.Core", "src\Zal.Beauty.Core\Zal.Beauty.Core.csproj", "{F95BE573-F3F0-49C6-8E58-209E006D8296}"
EndProject
Global
	GlobalSection(SolutionConfigurationPlatforms) = preSolution
		Debug|Any CPU = Debug|Any CPU
		Release|Any CPU = Release|Any CPU
	EndGlobalSection
	GlobalSection(ProjectConfigurationPlatforms) = postSolution
		{A29C7A5B-B1F3-4030-8026-7FE34FAAD619}.Debug|Any CPU.ActiveCfg = Debug|Any CPU
		{A29C7A5B-B1F3-4030-8026-7FE34FAAD619}.Debug|Any CPU.Build.0 = Debug|Any CPU
		{A29C7A5B-B1F3-4030-8026-7FE34FAAD619}.Release|Any CPU.ActiveCfg = Release|Any CPU
		{A29C7A5B-B1F3-4030-8026-7FE34FAAD619}.Release|Any CPU.Build.0 = Release|Any CPU
		{273E9485-C93C-4A18-831E-E541E50B5C06}.Debug|Any CPU.ActiveCfg = Debug|Any CPU
		{273E9485-C93C-4A18-831E-E541E50B5C06}.Debug|Any CPU.Build.0 = Debug|Any CPU
		{273E9485-C93C-4A18-831E-E541E50B5C06}.Release|Any CPU.ActiveCfg = Release|Any CPU
		{273E9485-C93C-4A18-831E-E541E50B5C06}.Release|Any CPU.Build.0 = Release|Any CPU
		{06ABB6FB-831A-44ED-940F-82B4CD99E9DB}.Debug|Any CPU.ActiveCfg = Debug|Any CPU
		{06ABB6FB-831A-44ED-940F-82B4CD99E9DB}.Debug|Any CPU.Build.0 = Debug|Any CPU
		{06ABB6FB-831A-44ED-940F-82B4CD99E9DB}.Release|Any CPU.ActiveCfg = Release|Any CPU
		{06ABB6FB-831A-44ED-940F-82B4CD99E9DB}.Release|Any CPU.Build.0 = Release|Any CPU
		{F95BE573-F3F0-49C6-8E58-209E006D8296}.Debug|Any CPU.ActiveCfg = Debug|Any CPU
		{F95BE573-F3F0-49C6-8E58-209E006D8296}.Debug|Any CPU.Build.0 = Debug|Any CPU
		{F95BE573-F3F0-49C6-8E58-209E006D8296}.Release|Any CPU.ActiveCfg = Release|Any CPU
		{F95BE573-F3F0-49C6-8E58-209E006D8296}.Release|Any CPU.Build.0 = Release|Any CPU
	EndGlobalSection
	GlobalSection(SolutionProperties) = preSolution
		HideSolutionNode = FALSE
	EndGlobalSection
	GlobalSection(NestedProjects) = preSolution
		{A29C7A5B-B1F3-4030-8026-7FE34FAAD619} = {0B651704-9F55-4728-9CAB-87D90FF0D1C4}
		{273E9485-C93C-4A18-831E-E541E50B5C06} = {0B651704-9F55-4728-9CAB-87D90FF0D1C4}
		{06ABB6FB-831A-44ED-940F-82B4CD99E9DB} = {0B651704-9F55-4728-9CAB-87D90FF0D1C4}
		{F95BE573-F3F0-49C6-8E58-209E006D8296} = {0B651704-9F55-4728-9CAB-87D90FF0D1C4}
	EndGlobalSection
EndGlobal
